
Microsoft Visual Studio Solution File, Format Version 12.00
# Visual Studio 14
VisualStudioVersion = 14.0.23107.0
MinimumVisualStudioVersion = 10.0.40219.1
Project("{FAE04EC0-301F-11D3-BF4B-00C04F79EFBC}") = "SistemaDeAmortizacao.Modelo", "SistemaDeAmortizacao.Modelo\SistemaDeAmortizacao.Modelo.csproj", "{032DE424-7C26-4E9C-BDC6-60855C6BFE10}"
EndProject
Project("{FAE04EC0-301F-11D3-BF4B-00C04F79EFBC}") = "SistemaDeAmortizacao.UI", "SistemaDeAmortizacao.UI\SistemaDeAmortizacao.UI.csproj", "{845D0423-1AF3-4B60-8C61-AF98332980C6}"
EndProject
Project("{FAE04EC0-301F-11D3-BF4B-00C04F79EFBC}") = "SistemaDeAmortizacao.Testes", "SistemaDeAmortizacao.Testes\SistemaDeAmortizacao.Testes.csproj", "{6D97AE19-5DB6-40A3-8ED2-43DEA0B30A59}"
EndProject
Global
	GlobalSection(SolutionConfigurationPlatforms) = preSolution
		Debug|Any CPU = Debug|Any CPU
		Release|Any CPU = Release|Any CPU
	EndGlobalSection
	GlobalSection(ProjectConfigurationPlatforms) = postSolution
		{032DE424-7C26-4E9C-BDC6-60855C6BFE10}.Debug|Any CPU.ActiveCfg = Debug|Any CPU
		{032DE424-7C26-4E9C-BDC6-60855C6BFE10}.Debug|Any CPU.Build.0 = Debug|Any CPU
		{032DE424-7C26-4E9C-BDC6-60855C6BFE10}.Release|Any CPU.ActiveCfg = Release|Any CPU
		{032DE424-7C26-4E9C-BDC6-60855C6BFE10}.Release|Any CPU.Build.0 = Release|Any CPU
		{845D0423-1AF3-4B60-8C61-AF98332980C6}.Debug|Any CPU.ActiveCfg = Debug|Any CPU
		{845D0423-1AF3-4B60-8C61-AF98332980C6}.Debug|Any CPU.Build.0 = Debug|Any CPU
		{845D0423-1AF3-4B60-8C61-AF98332980C6}.Release|Any CPU.ActiveCfg = Release|Any CPU
		{845D0423-1AF3-4B60-8C61-AF98332980C6}.Release|Any CPU.Build.0 = Release|Any CPU
		{6D97AE19-5DB6-40A3-8ED2-43DEA0B30A59}.Debug|Any CPU.ActiveCfg = Debug|Any CPU
		{6D97AE19-5DB6-40A3-8ED2-43DEA0B30A59}.Debug|Any CPU.Build.0 = Debug|Any CPU
		{6D97AE19-5DB6-40A3-8ED2-43DEA0B30A59}.Release|Any CPU.ActiveCfg = Release|Any CPU
		{6D97AE19-5DB6-40A3-8ED2-43DEA0B30A59}.Release|Any CPU.Build.0 = Release|Any CPU
	EndGlobalSection
	GlobalSection(SolutionProperties) = preSolution
		HideSolutionNode = FALSE
	EndGlobalSection
EndGlobal
